
Microsoft Visual Studio Solution File, Format Version 12.00
# Visual Studio 2013
VisualStudioVersion = 12.0.40629.0
MinimumVisualStudioVersion = 10.0.40219.1
Project("{FAE04EC0-301F-11D3-BF4B-00C04F79EFBC}") = "Project_Reg", "Project_Reg\Project_Reg.csproj", "{7F4DEFD3-BF51-4D9B-B605-8C76C5AEF04B}"
EndProject
Global
	GlobalSection(SolutionConfigurationPlatforms) = preSolution
		Debug|Any CPU = Debug|Any CPU
		Release|Any CPU = Release|Any CPU
	EndGlobalSection
	GlobalSection(ProjectConfigurationPlatforms) = postSolution
		{7F4DEFD3-BF51-4D9B-B605-8C76C5AEF04B}.Debug|Any CPU.ActiveCfg = Debug|Any CPU
		{7F4DEFD3-BF51-4D9B-B605-8C76C5AEF04B}.Debug|Any CPU.Build.0 = Debug|Any CPU
		{7F4DEFD3-BF51-4D9B-B605-8C76C5AEF04B}.Release|Any CPU.ActiveCfg = Release|Any CPU
		{7F4DEFD3-BF51-4D9B-B605-8C76C5AEF04B}.Release|Any CPU.Build.0 = Release|Any CPU
	EndGlobalSection
	GlobalSection(SolutionProperties) = preSolution
		HideSolutionNode = FALSE
	EndGlobalSection
EndGlobal
